
Microsoft Visual Studio Solution File, Format Version 12.00
# Visual Studio Version 17
VisualStudioVersion = 17.0.32126.317
MinimumVisualStudioVersion = 10.0.40219.1
Project("{9A19103F-16F7-4668-BE54-9A1E7A4F7556}") = "AsusAPI", "AsusAPI\AsusAPI.csproj", "{C33375B4-04F8-4D17-B0E6-FE5C5861531B}"
EndProject
Project("{9A19103F-16F7-4668-BE54-9A1E7A4F7556}") = "Model", "Model\Model.csproj", "{8166DCF1-B751-4A30-B144-C0058891E8F1}"
EndProject
Project("{FAE04EC0-301F-11D3-BF4B-00C04F79EFBC}") = "DataAccessLayer", "DataAccessLayer\DataAccessLayer.csproj", "{E466F1DD-D6C8-46E5-85F4-82DD8BDF9260}"
EndProject
Global
	GlobalSection(SolutionConfigurationPlatforms) = preSolution
		Debug|Any CPU = Debug|Any CPU
		Release|Any CPU = Release|Any CPU
	EndGlobalSection
	GlobalSection(ProjectConfigurationPlatforms) = postSolution
		{C33375B4-04F8-4D17-B0E6-FE5C5861531B}.Debug|Any CPU.ActiveCfg = Debug|Any CPU
		{C33375B4-04F8-4D17-B0E6-FE5C5861531B}.Debug|Any CPU.Build.0 = Debug|Any CPU
		{C33375B4-04F8-4D17-B0E6-FE5C5861531B}.Release|Any CPU.ActiveCfg = Release|Any CPU
		{C33375B4-04F8-4D17-B0E6-FE5C5861531B}.Release|Any CPU.Build.0 = Release|Any CPU
		{8166DCF1-B751-4A30-B144-C0058891E8F1}.Debug|Any CPU.ActiveCfg = Debug|Any CPU
		{8166DCF1-B751-4A30-B144-C0058891E8F1}.Debug|Any CPU.Build.0 = Debug|Any CPU
		{8166DCF1-B751-4A30-B144-C0058891E8F1}.Release|Any CPU.ActiveCfg = Release|Any CPU
		{8166DCF1-B751-4A30-B144-C0058891E8F1}.Release|Any CPU.Build.0 = Release|Any CPU
		{E466F1DD-D6C8-46E5-85F4-82DD8BDF9260}.Debug|Any CPU.ActiveCfg = Debug|Any CPU
		{E466F1DD-D6C8-46E5-85F4-82DD8BDF9260}.Debug|Any CPU.Build.0 = Debug|Any CPU
		{E466F1DD-D6C8-46E5-85F4-82DD8BDF9260}.Release|Any CPU.ActiveCfg = Release|Any CPU
		{E466F1DD-D6C8-46E5-85F4-82DD8BDF9260}.Release|Any CPU.Build.0 = Release|Any CPU
	EndGlobalSection
	GlobalSection(SolutionProperties) = preSolution
		HideSolutionNode = FALSE
	EndGlobalSection
	GlobalSection(ExtensibilityGlobals) = postSolution
		SolutionGuid = {244367E6-F454-4E2B-8538-E4F59059D6FD}
	EndGlobalSection
EndGlobal
